
Microsoft Visual Studio Solution File, Format Version 12.00
# Visual Studio Version 16
VisualStudioVersion = 16.0.31702.278
MinimumVisualStudioVersion = 10.0.40219.1
Project("{FAE04EC0-301F-11D3-BF4B-00C04F79EFBC}") = "HomeTask_4", "HomeTask_4.csproj", "{5F108365-864A-44C2-8B3E-7EAA621268C2}"
EndProject
Global
	GlobalSection(SolutionConfigurationPlatforms) = preSolution
		Debug|Any CPU = Debug|Any CPU
		Release|Any CPU = Release|Any CPU
	EndGlobalSection
	GlobalSection(ProjectConfigurationPlatforms) = postSolution
		{5F108365-864A-44C2-8B3E-7EAA621268C2}.Debug|Any CPU.ActiveCfg = Debug|Any CPU
		{5F108365-864A-44C2-8B3E-7EAA621268C2}.Debug|Any CPU.Build.0 = Debug|Any CPU
		{5F108365-864A-44C2-8B3E-7EAA621268C2}.Release|Any CPU.ActiveCfg = Release|Any CPU
		{5F108365-864A-44C2-8B3E-7EAA621268C2}.Release|Any CPU.Build.0 = Release|Any CPU
	EndGlobalSection
	GlobalSection(SolutionProperties) = preSolution
		HideSolutionNode = FALSE
	EndGlobalSection
	GlobalSection(ExtensibilityGlobals) = postSolution
		SolutionGuid = {3A5450B1-968A-420B-A91A-4EC1F427829F}
	EndGlobalSection
EndGlobal
